
Microsoft Visual Studio Solution File, Format Version 12.00
# Visual Studio Version 17
VisualStudioVersion = 17.3.32819.101
MinimumVisualStudioVersion = 10.0.40219.1
Project("{FAE04EC0-301F-11D3-BF4B-00C04F79EFBC}") = "TideTesting", "TideTesting\TideTesting.csproj", "{1FEA1F0A-CAAA-4C74-9C86-F25E46BEFB6F}"
EndProject
Global
	GlobalSection(SolutionConfigurationPlatforms) = preSolution
		Debug|Any CPU = Debug|Any CPU
		Release|Any CPU = Release|Any CPU
	EndGlobalSection
	GlobalSection(ProjectConfigurationPlatforms) = postSolution
		{1FEA1F0A-CAAA-4C74-9C86-F25E46BEFB6F}.Debug|Any CPU.ActiveCfg = Debug|Any CPU
		{1FEA1F0A-CAAA-4C74-9C86-F25E46BEFB6F}.Debug|Any CPU.Build.0 = Debug|Any CPU
		{1FEA1F0A-CAAA-4C74-9C86-F25E46BEFB6F}.Release|Any CPU.ActiveCfg = Release|Any CPU
		{1FEA1F0A-CAAA-4C74-9C86-F25E46BEFB6F}.Release|Any CPU.Build.0 = Release|Any CPU
	EndGlobalSection
	GlobalSection(SolutionProperties) = preSolution
		HideSolutionNode = FALSE
	EndGlobalSection
	GlobalSection(ExtensibilityGlobals) = postSolution
		SolutionGuid = {C88B62E7-D931-4602-BEFA-4C4D33143871}
	EndGlobalSection
EndGlobal
